
Microsoft Visual Studio Solution File, Format Version 12.00
# Visual Studio 15
VisualStudioVersion = 15.0.27701.1
MinimumVisualStudioVersion = 10.0.40219.1
Project("{FAE04EC0-301F-11D3-BF4B-00C04F79EFBC}") = "XamarinFormsWithMvvmCross.iOS", "XamarinFormsWithMvvmCross\XamarinFormsWithMvvmCross.iOS\XamarinFormsWithMvvmCross.iOS.csproj", "{D71E570A-6212-4881-BEA7-C0A4DCE655AF}"
EndProject
Project("{FAE04EC0-301F-11D3-BF4B-00C04F79EFBC}") = "XamarinFormsWithMvvmCross.UWP", "XamarinFormsWithMvvmCross\XamarinFormsWithMvvmCross.UWP\XamarinFormsWithMvvmCross.UWP.csproj", "{076ED0EC-853A-4FE8-B39F-2725C7D0EA6E}"
EndProject
Project("{FAE04EC0-301F-11D3-BF4B-00C04F79EFBC}") = "XamarinFormsWithMvvmCross", "XamarinFormsWithMvvmCross\XamarinFormsWithMvvmCross\XamarinFormsWithMvvmCross.csproj", "{150783C6-FBD1-4011-8723-EF67CD272F4D}"
EndProject
Project("{FAE04EC0-301F-11D3-BF4B-00C04F79EFBC}") = "XamarinFormsWithMvvmCross.Core", "XamarinFormsWithMvvmCross.Core\XamarinFormsWithMvvmCross.Core.csproj", "{C3D63FA7-BB12-4364-84EC-6981ADBD0DA1}"
EndProject
Project("{FAE04EC0-301F-11D3-BF4B-00C04F79EFBC}") = "XFwMvx.Droid", "XamarinFormsWithMvvmCross\Droid\XFwMvx.Droid.csproj", "{6EB2DDD2-F86D-4590-ADF8-9AD782384B41}"
EndProject
Global
	GlobalSection(SolutionConfigurationPlatforms) = preSolution
		Ad-Hoc|Any CPU = Ad-Hoc|Any CPU
		Ad-Hoc|ARM = Ad-Hoc|ARM
		Ad-Hoc|iPhone = Ad-Hoc|iPhone
		Ad-Hoc|iPhoneSimulator = Ad-Hoc|iPhoneSimulator
		Ad-Hoc|x64 = Ad-Hoc|x64
		Ad-Hoc|x86 = Ad-Hoc|x86
		AppStore|Any CPU = AppStore|Any CPU
		AppStore|ARM = AppStore|ARM
		AppStore|iPhone = AppStore|iPhone
		AppStore|iPhoneSimulator = AppStore|iPhoneSimulator
		AppStore|x64 = AppStore|x64
		AppStore|x86 = AppStore|x86
		Debug|Any CPU = Debug|Any CPU
		Debug|ARM = Debug|ARM
		Debug|iPhone = Debug|iPhone
		Debug|iPhoneSimulator = Debug|iPhoneSimulator
		Debug|x64 = Debug|x64
		Debug|x86 = Debug|x86
		Release|Any CPU = Release|Any CPU
		Release|ARM = Release|ARM
		Release|iPhone = Release|iPhone
		Release|iPhoneSimulator = Release|iPhoneSimulator
		Release|x64 = Release|x64
		Release|x86 = Release|x86
	EndGlobalSection
	GlobalSection(ProjectConfigurationPlatforms) = postSolution
		{D71E570A-6212-4881-BEA7-C0A4DCE655AF}.Ad-Hoc|Any CPU.ActiveCfg = Ad-Hoc|iPhone
		{D71E570A-6212-4881-BEA7-C0A4DCE655AF}.Ad-Hoc|Any CPU.Build.0 = Ad-Hoc|iPhone
		{D71E570A-6212-4881-BEA7-C0A4DCE655AF}.Ad-Hoc|Any CPU.Deploy.0 = Ad-Hoc|iPhone
		{D71E570A-6212-4881-BEA7-C0A4DCE655AF}.Ad-Hoc|ARM.ActiveCfg = Ad-Hoc|iPhone
		{D71E570A-6212-4881-BEA7-C0A4DCE655AF}.Ad-Hoc|ARM.Build.0 = Ad-Hoc|iPhone
		{D71E570A-6212-4881-BEA7-C0A4DCE655AF}.Ad-Hoc|ARM.Deploy.0 = Ad-Hoc|iPhone
		{D71E570A-6212-4881-BEA7-C0A4DCE655AF}.Ad-Hoc|iPhone.ActiveCfg = Ad-Hoc|iPhone
		{D71E570A-6212-4881-BEA7-C0A4DCE655AF}.Ad-Hoc|iPhone.Build.0 = Ad-Hoc|iPhone
		{D71E570A-6212-4881-BEA7-C0A4DCE655AF}.Ad-Hoc|iPhone.Deploy.0 = Ad-Hoc|iPhone
		{D71E570A-6212-4881-BEA7-C0A4DCE655AF}.Ad-Hoc|iPhoneSimulator.ActiveCfg = Ad-Hoc|iPhoneSimulator
		{D71E570A-6212-4881-BEA7-C0A4DCE655AF}.Ad-Hoc|iPhoneSimulator.Build.0 = Ad-Hoc|iPhoneSimulator
		{D71E570A-6212-4881-BEA7-C0A4DCE655AF}.Ad-Hoc|iPhoneSimulator.Deploy.0 = Ad-Hoc|iPhoneSimulator
		{D71E570A-6212-4881-BEA7-C0A4DCE655AF}.Ad-Hoc|x64.ActiveCfg = Ad-Hoc|iPhone
		{D71E570A-6212-4881-BEA7-C0A4DCE655AF}.Ad-Hoc|x64.Build.0 = Ad-Hoc|iPhone
		{D71E570A-6212-4881-BEA7-C0A4DCE655AF}.Ad-Hoc|x64.Deploy.0 = Ad-Hoc|iPhone
		{D71E570A-6212-4881-BEA7-C0A4DCE655AF}.Ad-Hoc|x86.ActiveCfg = Ad-Hoc|iPhone
		{D71E570A-6212-4881-BEA7-C0A4DCE655AF}.Ad-Hoc|x86.Build.0 = Ad-Hoc|iPhone
		{D71E570A-6212-4881-BEA7-C0A4DCE655AF}.Ad-Hoc|x86.Deploy.0 = Ad-Hoc|iPhone
		{D71E570A-6212-4881-BEA7-C0A4DCE655AF}.AppStore|Any CPU.ActiveCfg = AppStore|iPhone
		{D71E570A-6212-4881-BEA7-C0A4DCE655AF}.AppStore|Any CPU.Build.0 = AppStore|iPhone
		{D71E570A-6212-4881-BEA7-C0A4DCE655AF}.AppStore|Any CPU.Deploy.0 = AppStore|iPhone
		{D71E570A-6212-4881-BEA7-C0A4DCE655AF}.AppStore|ARM.ActiveCfg = AppStore|iPhone
		{D71E570A-6212-4881-BEA7-C0A4DCE655AF}.AppStore|ARM.Build.0 = AppStore|iPhone
		{D71E570A-6212-4881-BEA7-C0A4DCE655AF}.AppStore|ARM.Deploy.0 = AppStore|iPhone
		{D71E570A-6212-4881-BEA7-C0A4DCE655AF}.AppStore|iPhone.ActiveCfg = AppStore|iPhone
		{D71E570A-6212-4881-BEA7-C0A4DCE655AF}.AppStore|iPhone.Build.0 = AppStore|iPhone
		{D71E570A-6212-4881-BEA7-C0A4DCE655AF}.AppStore|iPhone.Deploy.0 = AppStore|iPhone
		{D71E570A-6212-4881-BEA7-C0A4DCE655AF}.AppStore|iPhoneSimulator.ActiveCfg = AppStore|iPhoneSimulator
		{D71E570A-6212-4881-BEA7-C0A4DCE655AF}.AppStore|iPhoneSimulator.Build.0 = AppStore|iPhoneSimulator
		{D71E570A-6212-4881-BEA7-C0A4DCE655AF}.AppStore|iPhoneSimulator.Deploy.0 = AppStore|iPhoneSimulator
		{D71E570A-6212-4881-BEA7-C0A4DCE655AF}.AppStore|x64.ActiveCfg = AppStore|iPhone
		{D71E570A-6212-4881-BEA7-C0A4DCE655AF}.AppStore|x64.Build.0 = AppStore|iPhone
		{D71E570A-6212-4881-BEA7-C0A4DCE655AF}.AppStore|x64.Deploy.0 = AppStore|iPhone
		{D71E570A-6212-4881-BEA7-C0A4DCE655AF}.AppStore|x86.ActiveCfg = AppStore|iPhone
		{D71E570A-6212-4881-BEA7-C0A4DCE655AF}.AppStore|x86.Build.0 = AppStore|iPhone
		{D71E570A-6212-4881-BEA7-C0A4DCE655AF}.AppStore|x86.Deploy.0 = AppStore|iPhone
		{D71E570A-6212-4881-BEA7-C0A4DCE655AF}.Debug|Any CPU.ActiveCfg = Debug|iPhoneSimulator
		{D71E570A-6212-4881-BEA7-C0A4DCE655AF}.Debug|Any CPU.Build.0 = Debug|iPhoneSimulator
		{D71E570A-6212-4881-BEA7-C0A4DCE655AF}.Debug|Any CPU.Deploy.0 = Debug|iPhoneSimulator
		{D71E570A-6212-4881-BEA7-C0A4DCE655AF}.Debug|ARM.ActiveCfg = Debug|iPhone
		{D71E570A-6212-4881-BEA7-C0A4DCE655AF}.Debug|ARM.Build.0 = Debug|iPhone
		{D71E570A-6212-4881-BEA7-C0A4DCE655AF}.Debug|ARM.Deploy.0 = Debug|iPhone
		{D71E570A-6212-4881-BEA7-C0A4DCE655AF}.Debug|iPhone.ActiveCfg = Debug|iPhone
		{D71E570A-6212-4881-BEA7-C0A4DCE655AF}.Debug|iPhone.Build.0 = Debug|iPhone
		{D71E570A-6212-4881-BEA7-C0A4DCE655AF}.Debug|iPhone.Deploy.0 = Debug|iPhone
		{D71E570A-6212-4881-BEA7-C0A4DCE655AF}.Debug|iPhoneSimulator.ActiveCfg = Debug|iPhoneSimulator
		{D71E570A-6212-4881-BEA7-C0A4DCE655AF}.Debug|iPhoneSimulator.Build.0 = Debug|iPhoneSimulator
		{D71E570A-6212-4881-BEA7-C0A4DCE655AF}.Debug|iPhoneSimulator.Deploy.0 = Debug|iPhoneSimulator
		{D71E570A-6212-4881-BEA7-C0A4DCE655AF}.Debug|x64.ActiveCfg = Debug|iPhone
		{D71E570A-6212-4881-BEA7-C0A4DCE655AF}.Debug|x64.Build.0 = Debug|iPhone
		{D71E570A-6212-4881-BEA7-C0A4DCE655AF}.Debug|x64.Deploy.0 = Debug|iPhone
		{D71E570A-6212-4881-BEA7-C0A4DCE655AF}.Debug|x86.ActiveCfg = Debug|iPhone
		{D71E570A-6212-4881-BEA7-C0A4DCE655AF}.Debug|x86.Build.0 = Debug|iPhone
		{D71E570A-6212-4881-BEA7-C0A4DCE655AF}.Debug|x86.Deploy.0 = Debug|iPhone
		{D71E570A-6212-4881-BEA7-C0A4DCE655AF}.Release|Any CPU.ActiveCfg = Release|iPhone
		{D71E570A-6212-4881-BEA7-C0A4DCE655AF}.Release|Any CPU.Build.0 = Release|iPhone
		{D71E570A-6212-4881-BEA7-C0A4DCE655AF}.Release|Any CPU.Deploy.0 = Release|iPhone
		{D71E570A-6212-4881-BEA7-C0A4DCE655AF}.Release|ARM.ActiveCfg = Release|iPhone
		{D71E570A-6212-4881-BEA7-C0A4DCE655AF}.Release|ARM.Build.0 = Release|iPhone
		{D71E570A-6212-4881-BEA7-C0A4DCE655AF}.Release|ARM.Deploy.0 = Release|iPhone
		{D71E570A-6212-4881-BEA7-C0A4DCE655AF}.Release|iPhone.ActiveCfg = Release|iPhone
		{D71E570A-6212-4881-BEA7-C0A4DCE655AF}.Release|iPhone.Build.0 = Release|iPhone
		{D71E570A-6212-4881-BEA7-C0A4DCE655AF}.Release|iPhone.Deploy.0 = Release|iPhone
		{D71E570A-6212-4881-BEA7-C0A4DCE655AF}.Release|iPhoneSimulator.ActiveCfg = Release|iPhoneSimulator
		{D71E570A-6212-4881-BEA7-C0A4DCE655AF}.Release|iPhoneSimulator.Build.0 = Release|iPhoneSimulator
		{D71E570A-6212-4881-BEA7-C0A4DCE655AF}.Release|iPhoneSimulator.Deploy.0 = Release|iPhoneSimulator
		{D71E570A-6212-4881-BEA7-C0A4DCE655AF}.Release|x64.ActiveCfg = Release|iPhone
		{D71E570A-6212-4881-BEA7-C0A4DCE655AF}.Release|x64.Build.0 = Release|iPhone
		{D71E570A-6212-4881-BEA7-C0A4DCE655AF}.Release|x64.Deploy.0 = Release|iPhone
		{D71E570A-6212-4881-BEA7-C0A4DCE655AF}.Release|x86.ActiveCfg = Release|iPhone
		{D71E570A-6212-4881-BEA7-C0A4DCE655AF}.Release|x86.Build.0 = Release|iPhone
		{D71E570A-6212-4881-BEA7-C0A4DCE655AF}.Release|x86.Deploy.0 = Release|iPhone
		{076ED0EC-853A-4FE8-B39F-2725C7D0EA6E}.Ad-Hoc|Any CPU.ActiveCfg = Release|x86
		{076ED0EC-853A-4FE8-B39F-2725C7D0EA6E}.Ad-Hoc|Any CPU.Build.0 = Release|x86
		{076ED0EC-853A-4FE8-B39F-2725C7D0EA6E}.Ad-Hoc|Any CPU.Deploy.0 = Release|x86
		{076ED0EC-853A-4FE8-B39F-2725C7D0EA6E}.Ad-Hoc|ARM.ActiveCfg = Release|ARM
		{076ED0EC-853A-4FE8-B39F-2725C7D0EA6E}.Ad-Hoc|ARM.Build.0 = Release|ARM
		{076ED0EC-853A-4FE8-B39F-2725C7D0EA6E}.Ad-Hoc|ARM.Deploy.0 = Release|ARM
		{076ED0EC-853A-4FE8-B39F-2725C7D0EA6E}.Ad-Hoc|iPhone.ActiveCfg = Release|x86
		{076ED0EC-853A-4FE8-B39F-2725C7D0EA6E}.Ad-Hoc|iPhone.Build.0 = Release|x86
		{076ED0EC-853A-4FE8-B39F-2725C7D0EA6E}.Ad-Hoc|iPhone.Deploy.0 = Release|x86
		{076ED0EC-853A-4FE8-B39F-2725C7D0EA6E}.Ad-Hoc|iPhoneSimulator.ActiveCfg = Release|x86
		{076ED0EC-853A-4FE8-B39F-2725C7D0EA6E}.Ad-Hoc|iPhoneSimulator.Build.0 = Release|x86
		{076ED0EC-853A-4FE8-B39F-2725C7D0EA6E}.Ad-Hoc|iPhoneSimulator.Deploy.0 = Release|x86
		{076ED0EC-853A-4FE8-B39F-2725C7D0EA6E}.Ad-Hoc|x64.ActiveCfg = Release|x64
		{076ED0EC-853A-4FE8-B39F-2725C7D0EA6E}.Ad-Hoc|x64.Build.0 = Release|x64
		{076ED0EC-853A-4FE8-B39F-2725C7D0EA6E}.Ad-Hoc|x64.Deploy.0 = Release|x64
		{076ED0EC-853A-4FE8-B39F-2725C7D0EA6E}.Ad-Hoc|x86.ActiveCfg = Release|x86
		{076ED0EC-853A-4FE8-B39F-2725C7D0EA6E}.Ad-Hoc|x86.Build.0 = Release|x86
		{076ED0EC-853A-4FE8-B39F-2725C7D0EA6E}.Ad-Hoc|x86.Deploy.0 = Release|x86
		{076ED0EC-853A-4FE8-B39F-2725C7D0EA6E}.AppStore|Any CPU.ActiveCfg = Release|x86
		{076ED0EC-853A-4FE8-B39F-2725C7D0EA6E}.AppStore|Any CPU.Build.0 = Release|x86
		{076ED0EC-853A-4FE8-B39F-2725C7D0EA6E}.AppStore|Any CPU.Deploy.0 = Release|x86
		{076ED0EC-853A-4FE8-B39F-2725C7D0EA6E}.AppStore|ARM.ActiveCfg = Release|ARM
		{076ED0EC-853A-4FE8-B39F-2725C7D0EA6E}.AppStore|ARM.Build.0 = Release|ARM
		{076ED0EC-853A-4FE8-B39F-2725C7D0EA6E}.AppStore|ARM.Deploy.0 = Release|ARM
		{076ED0EC-853A-4FE8-B39F-2725C7D0EA6E}.AppStore|iPhone.ActiveCfg = Release|x86
		{076ED0EC-853A-4FE8-B39F-2725C7D0EA6E}.AppStore|iPhone.Build.0 = Release|x86
		{076ED0EC-853A-4FE8-B39F-2725C7D0EA6E}.AppStore|iPhone.Deploy.0 = Release|x86
		{076ED0EC-853A-4FE8-B39F-2725C7D0EA6E}.AppStore|iPhoneSimulator.ActiveCfg = Release|x86
		{076ED0EC-853A-4FE8-B39F-2725C7D0EA6E}.AppStore|iPhoneSimulator.Build.0 = Release|x86
		{076ED0EC-853A-4FE8-B39F-2725C7D0EA6E}.AppStore|iPhoneSimulator.Deploy.0 = Release|x86
		{076ED0EC-853A-4FE8-B39F-2725C7D0EA6E}.AppStore|x64.ActiveCfg = Release|x64
		{076ED0EC-853A-4FE8-B39F-2725C7D0EA6E}.AppStore|x64.Build.0 = Release|x64
		{076ED0EC-853A-4FE8-B39F-2725C7D0EA6E}.AppStore|x64.Deploy.0 = Release|x64
		{076ED0EC-853A-4FE8-B39F-2725C7D0EA6E}.AppStore|x86.ActiveCfg = Release|x86
		{076ED0EC-853A-4FE8-B39F-2725C7D0EA6E}.AppStore|x86.Build.0 = Release|x86
		{076ED0EC-853A-4FE8-B39F-2725C7D0EA6E}.AppStore|x86.Deploy.0 = Release|x86
		{076ED0EC-853A-4FE8-B39F-2725C7D0EA6E}.Debug|Any CPU.ActiveCfg = Debug|x86
		{076ED0EC-853A-4FE8-B39F-2725C7D0EA6E}.Debug|Any CPU.Build.0 = Debug|x86
		{076ED0EC-853A-4FE8-B39F-2725C7D0EA6E}.Debug|Any CPU.Deploy.0 = Debug|x86
		{076ED0EC-853A-4FE8-B39F-2725C7D0EA6E}.Debug|ARM.ActiveCfg = Debug|ARM
		{076ED0EC-853A-4FE8-B39F-2725C7D0EA6E}.Debug|ARM.Build.0 = Debug|ARM
		{076ED0EC-853A-4FE8-B39F-2725C7D0EA6E}.Debug|ARM.Deploy.0 = Debug|ARM
		{076ED0EC-853A-4FE8-B39F-2725C7D0EA6E}.Debug|iPhone.ActiveCfg = Debug|x86
		{076ED0EC-853A-4FE8-B39F-2725C7D0EA6E}.Debug|iPhone.Build.0 = Debug|x86
		{076ED0EC-853A-4FE8-B39F-2725C7D0EA6E}.Debug|iPhone.Deploy.0 = Debug|x86
		{076ED0EC-853A-4FE8-B39F-2725C7D0EA6E}.Debug|iPhoneSimulator.ActiveCfg = Debug|x86
		{076ED0EC-853A-4FE8-B39F-2725C7D0EA6E}.Debug|iPhoneSimulator.Build.0 = Debug|x86
		{076ED0EC-853A-4FE8-B39F-2725C7D0EA6E}.Debug|iPhoneSimulator.Deploy.0 = Debug|x86
		{076ED0EC-853A-4FE8-B39F-2725C7D0EA6E}.Debug|x64.ActiveCfg = Debug|x64
		{076ED0EC-853A-4FE8-B39F-2725C7D0EA6E}.Debug|x64.Build.0 = Debug|x64
		{076ED0EC-853A-4FE8-B39F-2725C7D0EA6E}.Debug|x64.Deploy.0 = Debug|x64
		{076ED0EC-853A-4FE8-B39F-2725C7D0EA6E}.Debug|x86.ActiveCfg = Debug|x86
		{076ED0EC-853A-4FE8-B39F-2725C7D0EA6E}.Debug|x86.Build.0 = Debug|x86
		{076ED0EC-853A-4FE8-B39F-2725C7D0EA6E}.Debug|x86.Deploy.0 = Debug|x86
		{076ED0EC-853A-4FE8-B39F-2725C7D0EA6E}.Release|Any CPU.ActiveCfg = Release|x86
		{076ED0EC-853A-4FE8-B39F-2725C7D0EA6E}.Release|Any CPU.Build.0 = Release|x86
		{076ED0EC-853A-4FE8-B39F-2725C7D0EA6E}.Release|Any CPU.Deploy.0 = Release|x86
		{076ED0EC-853A-4FE8-B39F-2725C7D0EA6E}.Release|ARM.ActiveCfg = Release|ARM
		{076ED0EC-853A-4FE8-B39F-2725C7D0EA6E}.Release|ARM.Build.0 = Release|ARM
		{076ED0EC-853A-4FE8-B39F-2725C7D0EA6E}.Release|ARM.Deploy.0 = Release|ARM
		{076ED0EC-853A-4FE8-B39F-2725C7D0EA6E}.Release|iPhone.ActiveCfg = Release|x86
		{076ED0EC-853A-4FE8-B39F-2725C7D0EA6E}.Release|iPhone.Build.0 = Release|x86
		{076ED0EC-853A-4FE8-B39F-2725C7D0EA6E}.Release|iPhone.Deploy.0 = Release|x86
		{076ED0EC-853A-4FE8-B39F-2725C7D0EA6E}.Release|iPhoneSimulator.ActiveCfg = Release|x86
		{076ED0EC-853A-4FE8-B39F-2725C7D0EA6E}.Release|iPhoneSimulator.Build.0 = Release|x86
		{076ED0EC-853A-4FE8-B39F-2725C7D0EA6E}.Release|iPhoneSimulator.Deploy.0 = Release|x86
		{076ED0EC-853A-4FE8-B39F-2725C7D0EA6E}.Release|x64.ActiveCfg = Release|x64
		{076ED0EC-853A-4FE8-B39F-2725C7D0EA6E}.Release|x64.Build.0 = Release|x64
		{076ED0EC-853A-4FE8-B39F-2725C7D0EA6E}.Release|x64.Deploy.0 = Release|x64
		{076ED0EC-853A-4FE8-B39F-2725C7D0EA6E}.Release|x86.ActiveCfg = Release|x86
		{076ED0EC-853A-4FE8-B39F-2725C7D0EA6E}.Release|x86.Build.0 = Release|x86
		{076ED0EC-853A-4FE8-B39F-2725C7D0EA6E}.Release|x86.Deploy.0 = Release|x86
		{150783C6-FBD1-4011-8723-EF67CD272F4D}.Ad-Hoc|Any CPU.ActiveCfg = Debug|Any CPU
		{150783C6-FBD1-4011-8723-EF67CD272F4D}.Ad-Hoc|Any CPU.Build.0 = Debug|Any CPU
		{150783C6-FBD1-4011-8723-EF67CD272F4D}.Ad-Hoc|Any CPU.Deploy.0 = Debug|Any CPU
		{150783C6-FBD1-4011-8723-EF67CD272F4D}.Ad-Hoc|ARM.ActiveCfg = Debug|Any CPU
		{150783C6-FBD1-4011-8723-EF67CD272F4D}.Ad-Hoc|ARM.Build.0 = Debug|Any CPU
		{150783C6-FBD1-4011-8723-EF67CD272F4D}.Ad-Hoc|ARM.Deploy.0 = Debug|Any CPU
		{150783C6-FBD1-4011-8723-EF67CD272F4D}.Ad-Hoc|iPhone.ActiveCfg = Debug|Any CPU
		{150783C6-FBD1-4011-8723-EF67CD272F4D}.Ad-Hoc|iPhone.Build.0 = Debug|Any CPU
		{150783C6-FBD1-4011-8723-EF67CD272F4D}.Ad-Hoc|iPhone.Deploy.0 = Debug|Any CPU
		{150783C6-FBD1-4011-8723-EF67CD272F4D}.Ad-Hoc|iPhoneSimulator.ActiveCfg = Debug|Any CPU
		{150783C6-FBD1-4011-8723-EF67CD272F4D}.Ad-Hoc|iPhoneSimulator.Build.0 = Debug|Any CPU
		{150783C6-FBD1-4011-8723-EF67CD272F4D}.Ad-Hoc|iPhoneSimulator.Deploy.0 = Debug|Any CPU
		{150783C6-FBD1-4011-8723-EF67CD272F4D}.Ad-Hoc|x64.ActiveCfg = Debug|Any CPU
		{150783C6-FBD1-4011-8723-EF67CD272F4D}.Ad-Hoc|x64.Build.0 = Debug|Any CPU
		{150783C6-FBD1-4011-8723-EF67CD272F4D}.Ad-Hoc|x64.Deploy.0 = Debug|Any CPU
		{150783C6-FBD1-4011-8723-EF67CD272F4D}.Ad-Hoc|x86.ActiveCfg = Debug|Any CPU
		{150783C6-FBD1-4011-8723-EF67CD272F4D}.Ad-Hoc|x86.Build.0 = Debug|Any CPU
		{150783C6-FBD1-4011-8723-EF67CD272F4D}.Ad-Hoc|x86.Deploy.0 = Debug|Any CPU
		{150783C6-FBD1-4011-8723-EF67CD272F4D}.AppStore|Any CPU.ActiveCfg = Debug|Any CPU
		{150783C6-FBD1-4011-8723-EF67CD272F4D}.AppStore|Any CPU.Build.0 = Debug|Any CPU
		{150783C6-FBD1-4011-8723-EF67CD272F4D}.AppStore|Any CPU.Deploy.0 = Debug|Any CPU
		{150783C6-FBD1-4011-8723-EF67CD272F4D}.AppStore|ARM.ActiveCfg = Debug|Any CPU
		{150783C6-FBD1-4011-8723-EF67CD272F4D}.AppStore|ARM.Build.0 = Debug|Any CPU
		{150783C6-FBD1-4011-8723-EF67CD272F4D}.AppStore|ARM.Deploy.0 = Debug|Any CPU
		{150783C6-FBD1-4011-8723-EF67CD272F4D}.AppStore|iPhone.ActiveCfg = Debug|Any CPU
		{150783C6-FBD1-4011-8723-EF67CD272F4D}.AppStore|iPhone.Build.0 = Debug|Any CPU
		{150783C6-FBD1-4011-8723-EF67CD272F4D}.AppStore|iPhone.Deploy.0 = Debug|Any CPU
		{150783C6-FBD1-4011-8723-EF67CD272F4D}.AppStore|iPhoneSimulator.ActiveCfg = Debug|Any CPU
		{150783C6-FBD1-4011-8723-EF67CD272F4D}.AppStore|iPhoneSimulator.Build.0 = Debug|Any CPU
		{150783C6-FBD1-4011-8723-EF67CD272F4D}.AppStore|iPhoneSimulator.Deploy.0 = Debug|Any CPU
		{150783C6-FBD1-4011-8723-EF67CD272F4D}.AppStore|x64.ActiveCfg = Debug|Any CPU
		{150783C6-FBD1-4011-8723-EF67CD272F4D}.AppStore|x64.Build.0 = Debug|Any CPU
		{150783C6-FBD1-4011-8723-EF67CD272F4D}.AppStore|x64.Deploy.0 = Debug|Any CPU
		{150783C6-FBD1-4011-8723-EF67CD272F4D}.AppStore|x86.ActiveCfg = Debug|Any CPU
		{150783C6-FBD1-4011-8723-EF67CD272F4D}.AppStore|x86.Build.0 = Debug|Any CPU
		{150783C6-FBD1-4011-8723-EF67CD272F4D}.AppStore|x86.Deploy.0 = Debug|Any CPU
		{150783C6-FBD1-4011-8723-EF67CD272F4D}.Debug|Any CPU.ActiveCfg = Debug|Any CPU
		{150783C6-FBD1-4011-8723-EF67CD272F4D}.Debug|Any CPU.Build.0 = Debug|Any CPU
		{150783C6-FBD1-4011-8723-EF67CD272F4D}.Debug|Any CPU.Deploy.0 = Debug|Any CPU
		{150783C6-FBD1-4011-8723-EF67CD272F4D}.Debug|ARM.ActiveCfg = Debug|Any CPU
		{150783C6-FBD1-4011-8723-EF67CD272F4D}.Debug|ARM.Build.0 = Debug|Any CPU
		{150783C6-FBD1-4011-8723-EF67CD272F4D}.Debug|ARM.Deploy.0 = Debug|Any CPU
		{150783C6-FBD1-4011-8723-EF67CD272F4D}.Debug|iPhone.ActiveCfg = Debug|Any CPU
		{150783C6-FBD1-4011-8723-EF67CD272F4D}.Debug|iPhone.Build.0 = Debug|Any CPU
		{150783C6-FBD1-4011-8723-EF67CD272F4D}.Debug|iPhone.Deploy.0 = Debug|Any CPU
		{150783C6-FBD1-4011-8723-EF67CD272F4D}.Debug|iPhoneSimulator.ActiveCfg = Debug|Any CPU
		{150783C6-FBD1-4011-8723-EF67CD272F4D}.Debug|iPhoneSimulator.Build.0 = Debug|Any CPU
		{150783C6-FBD1-4011-8723-EF67CD272F4D}.Debug|iPhoneSimulator.Deploy.0 = Debug|Any CPU
		{150783C6-FBD1-4011-8723-EF67CD272F4D}.Debug|x64.ActiveCfg = Debug|Any CPU
		{150783C6-FBD1-4011-8723-EF67CD272F4D}.Debug|x64.Build.0 = Debug|Any CPU
		{150783C6-FBD1-4011-8723-EF67CD272F4D}.Debug|x64.Deploy.0 = Debug|Any CPU
		{150783C6-FBD1-4011-8723-EF67CD272F4D}.Debug|x86.ActiveCfg = Debug|Any CPU
		{150783C6-FBD1-4011-8723-EF67CD272F4D}.Debug|x86.Build.0 = Debug|Any CPU
		{150783C6-FBD1-4011-8723-EF67CD272F4D}.Debug|x86.Deploy.0 = Debug|Any CPU
		{150783C6-FBD1-4011-8723-EF67CD272F4D}.Release|Any CPU.ActiveCfg = Release|Any CPU
		{150783C6-FBD1-4011-8723-EF67CD272F4D}.Release|Any CPU.Build.0 = Release|Any CPU
		{150783C6-FBD1-4011-8723-EF67CD272F4D}.Release|Any CPU.Deploy.0 = Release|Any CPU
		{150783C6-FBD1-4011-8723-EF67CD272F4D}.Release|ARM.ActiveCfg = Release|Any CPU
		{150783C6-FBD1-4011-8723-EF67CD272F4D}.Release|ARM.Build.0 = Release|Any CPU
		{150783C6-FBD1-4011-8723-EF67CD272F4D}.Release|ARM.Deploy.0 = Release|Any CPU
		{150783C6-FBD1-4011-8723-EF67CD272F4D}.Release|iPhone.ActiveCfg = Release|Any CPU
		{150783C6-FBD1-4011-8723-EF67CD272F4D}.Release|iPhone.Build.0 = Release|Any CPU
		{150783C6-FBD1-4011-8723-EF67CD272F4D}.Release|iPhone.Deploy.0 = Release|Any CPU
		{150783C6-FBD1-4011-8723-EF67CD272F4D}.Release|iPhoneSimulator.ActiveCfg = Release|Any CPU
		{150783C6-FBD1-4011-8723-EF67CD272F4D}.Release|iPhoneSimulator.Build.0 = Release|Any CPU
		{150783C6-FBD1-4011-8723-EF67CD272F4D}.Release|iPhoneSimulator.Deploy.0 = Release|Any CPU
		{150783C6-FBD1-4011-8723-EF67CD272F4D}.Release|x64.ActiveCfg = Release|Any CPU
		{150783C6-FBD1-4011-8723-EF67CD272F4D}.Release|x64.Build.0 = Release|Any CPU
		{150783C6-FBD1-4011-8723-EF67CD272F4D}.Release|x64.Deploy.0 = Release|Any CPU
		{150783C6-FBD1-4011-8723-EF67CD272F4D}.Release|x86.ActiveCfg = Release|Any CPU
		{150783C6-FBD1-4011-8723-EF67CD272F4D}.Release|x86.Build.0 = Release|Any CPU
		{150783C6-FBD1-4011-8723-EF67CD272F4D}.Release|x86.Deploy.0 = Release|Any CPU
		{C3D63FA7-BB12-4364-84EC-6981ADBD0DA1}.Ad-Hoc|Any CPU.ActiveCfg = Debug|Any CPU
		{C3D63FA7-BB12-4364-84EC-6981ADBD0DA1}.Ad-Hoc|Any CPU.Build.0 = Debug|Any CPU
		{C3D63FA7-BB12-4364-84EC-6981ADBD0DA1}.Ad-Hoc|ARM.ActiveCfg = Debug|Any CPU
		{C3D63FA7-BB12-4364-84EC-6981ADBD0DA1}.Ad-Hoc|ARM.Build.0 = Debug|Any CPU
		{C3D63FA7-BB12-4364-84EC-6981ADBD0DA1}.Ad-Hoc|iPhone.ActiveCfg = Debug|Any CPU
		{C3D63FA7-BB12-4364-84EC-6981ADBD0DA1}.Ad-Hoc|iPhone.Build.0 = Debug|Any CPU
		{C3D63FA7-BB12-4364-84EC-6981ADBD0DA1}.Ad-Hoc|iPhoneSimulator.ActiveCfg = Debug|Any CPU
		{C3D63FA7-BB12-4364-84EC-6981ADBD0DA1}.Ad-Hoc|iPhoneSimulator.Build.0 = Debug|Any CPU
		{C3D63FA7-BB12-4364-84EC-6981ADBD0DA1}.Ad-Hoc|x64.ActiveCfg = Debug|Any CPU
		{C3D63FA7-BB12-4364-84EC-6981ADBD0DA1}.Ad-Hoc|x64.Build.0 = Debug|Any CPU
		{C3D63FA7-BB12-4364-84EC-6981ADBD0DA1}.Ad-Hoc|x86.ActiveCfg = Debug|Any CPU
		{C3D63FA7-BB12-4364-84EC-6981ADBD0DA1}.Ad-Hoc|x86.Build.0 = Debug|Any CPU
		{C3D63FA7-BB12-4364-84EC-6981ADBD0DA1}.AppStore|Any CPU.ActiveCfg = Debug|Any CPU
		{C3D63FA7-BB12-4364-84EC-6981ADBD0DA1}.AppStore|Any CPU.Build.0 = Debug|Any CPU
		{C3D63FA7-BB12-4364-84EC-6981ADBD0DA1}.AppStore|ARM.ActiveCfg = Debug|Any CPU
		{C3D63FA7-BB12-4364-84EC-6981ADBD0DA1}.AppStore|ARM.Build.0 = Debug|Any CPU
		{C3D63FA7-BB12-4364-84EC-6981ADBD0DA1}.AppStore|iPhone.ActiveCfg = Debug|Any CPU
		{C3D63FA7-BB12-4364-84EC-6981ADBD0DA1}.AppStore|iPhone.Build.0 = Debug|Any CPU
		{C3D63FA7-BB12-4364-84EC-6981ADBD0DA1}.AppStore|iPhoneSimulator.ActiveCfg = Debug|Any CPU
		{C3D63FA7-BB12-4364-84EC-6981ADBD0DA1}.AppStore|iPhoneSimulator.Build.0 = Debug|Any CPU
		{C3D63FA7-BB12-4364-84EC-6981ADBD0DA1}.AppStore|x64.ActiveCfg = Debug|Any CPU
		{C3D63FA7-BB12-4364-84EC-6981ADBD0DA1}.AppStore|x64.Build.0 = Debug|Any CPU
		{C3D63FA7-BB12-4364-84EC-6981ADBD0DA1}.AppStore|x86.ActiveCfg = Debug|Any CPU
		{C3D63FA7-BB12-4364-84EC-6981ADBD0DA1}.AppStore|x86.Build.0 = Debug|Any CPU
		{C3D63FA7-BB12-4364-84EC-6981ADBD0DA1}.Debug|Any CPU.ActiveCfg = Debug|Any CPU
		{C3D63FA7-BB12-4364-84EC-6981ADBD0DA1}.Debug|Any CPU.Build.0 = Debug|Any CPU
		{C3D63FA7-BB12-4364-84EC-6981ADBD0DA1}.Debug|ARM.ActiveCfg = Debug|Any CPU
		{C3D63FA7-BB12-4364-84EC-6981ADBD0DA1}.Debug|ARM.Build.0 = Debug|Any CPU
		{C3D63FA7-BB12-4364-84EC-6981ADBD0DA1}.Debug|iPhone.ActiveCfg = Debug|Any CPU
		{C3D63FA7-BB12-4364-84EC-6981ADBD0DA1}.Debug|iPhone.Build.0 = Debug|Any CPU
		{C3D63FA7-BB12-4364-84EC-6981ADBD0DA1}.Debug|iPhoneSimulator.ActiveCfg = Debug|Any CPU
		{C3D63FA7-BB12-4364-84EC-6981ADBD0DA1}.Debug|iPhoneSimulator.Build.0 = Debug|Any CPU
		{C3D63FA7-BB12-4364-84EC-6981ADBD0DA1}.Debug|x64.ActiveCfg = Debug|Any CPU
		{C3D63FA7-BB12-4364-84EC-6981ADBD0DA1}.Debug|x64.Build.0 = Debug|Any CPU
		{C3D63FA7-BB12-4364-84EC-6981ADBD0DA1}.Debug|x86.ActiveCfg = Debug|Any CPU
		{C3D63FA7-BB12-4364-84EC-6981ADBD0DA1}.Debug|x86.Build.0 = Debug|Any CPU
		{C3D63FA7-BB12-4364-84EC-6981ADBD0DA1}.Release|Any CPU.ActiveCfg = Release|Any CPU
		{C3D63FA7-BB12-4364-84EC-6981ADBD0DA1}.Release|Any CPU.Build.0 = Release|Any CPU
		{C3D63FA7-BB12-4364-84EC-6981ADBD0DA1}.Release|ARM.ActiveCfg = Release|Any CPU
		{C3D63FA7-BB12-4364-84EC-6981ADBD0DA1}.Release|ARM.Build.0 = Release|Any CPU
		{C3D63FA7-BB12-4364-84EC-6981ADBD0DA1}.Release|iPhone.ActiveCfg = Release|Any CPU
		{C3D63FA7-BB12-4364-84EC-6981ADBD0DA1}.Release|iPhone.Build.0 = Release|Any CPU
		{C3D63FA7-BB12-4364-84EC-6981ADBD0DA1}.Release|iPhoneSimulator.ActiveCfg = Release|Any CPU
		{C3D63FA7-BB12-4364-84EC-6981ADBD0DA1}.Release|iPhoneSimulator.Build.0 = Release|Any CPU
		{C3D63FA7-BB12-4364-84EC-6981ADBD0DA1}.Release|x64.ActiveCfg = Release|Any CPU
		{C3D63FA7-BB12-4364-84EC-6981ADBD0DA1}.Release|x64.Build.0 = Release|Any CPU
		{C3D63FA7-BB12-4364-84EC-6981ADBD0DA1}.Release|x86.ActiveCfg = Release|Any CPU
		{C3D63FA7-BB12-4364-84EC-6981ADBD0DA1}.Release|x86.Build.0 = Release|Any CPU
		{6EB2DDD2-F86D-4590-ADF8-9AD782384B41}.Ad-Hoc|Any CPU.ActiveCfg = Release|Any CPU
		{6EB2DDD2-F86D-4590-ADF8-9AD782384B41}.Ad-Hoc|Any CPU.Build.0 = Release|Any CPU
		{6EB2DDD2-F86D-4590-ADF8-9AD782384B41}.Ad-Hoc|Any CPU.Deploy.0 = Release|Any CPU
		{6EB2DDD2-F86D-4590-ADF8-9AD782384B41}.Ad-Hoc|ARM.ActiveCfg = Release|Any CPU
		{6EB2DDD2-F86D-4590-ADF8-9AD782384B41}.Ad-Hoc|ARM.Build.0 = Release|Any CPU
		{6EB2DDD2-F86D-4590-ADF8-9AD782384B41}.Ad-Hoc|ARM.Deploy.0 = Release|Any CPU
		{6EB2DDD2-F86D-4590-ADF8-9AD782384B41}.Ad-Hoc|iPhone.ActiveCfg = Release|Any CPU
		{6EB2DDD2-F86D-4590-ADF8-9AD782384B41}.Ad-Hoc|iPhone.Build.0 = Release|Any CPU
		{6EB2DDD2-F86D-4590-ADF8-9AD782384B41}.Ad-Hoc|iPhone.Deploy.0 = Release|Any CPU
		{6EB2DDD2-F86D-4590-ADF8-9AD782384B41}.Ad-Hoc|iPhoneSimulator.ActiveCfg = Release|Any CPU
		{6EB2DDD2-F86D-4590-ADF8-9AD782384B41}.Ad-Hoc|iPhoneSimulator.Build.0 = Release|Any CPU
		{6EB2DDD2-F86D-4590-ADF8-9AD782384B41}.Ad-Hoc|iPhoneSimulator.Deploy.0 = Release|Any CPU
		{6EB2DDD2-F86D-4590-ADF8-9AD782384B41}.Ad-Hoc|x64.ActiveCfg = Release|Any CPU
		{6EB2DDD2-F86D-4590-ADF8-9AD782384B41}.Ad-Hoc|x64.Build.0 = Release|Any CPU
		{6EB2DDD2-F86D-4590-ADF8-9AD782384B41}.Ad-Hoc|x64.Deploy.0 = Release|Any CPU
		{6EB2DDD2-F86D-4590-ADF8-9AD782384B41}.Ad-Hoc|x86.ActiveCfg = Release|Any CPU
		{6EB2DDD2-F86D-4590-ADF8-9AD782384B41}.Ad-Hoc|x86.Build.0 = Release|Any CPU
		{6EB2DDD2-F86D-4590-ADF8-9AD782384B41}.Ad-Hoc|x86.Deploy.0 = Release|Any CPU
		{6EB2DDD2-F86D-4590-ADF8-9AD782384B41}.AppStore|Any CPU.ActiveCfg = Release|Any CPU
		{6EB2DDD2-F86D-4590-ADF8-9AD782384B41}.AppStore|Any CPU.Build.0 = Release|Any CPU
		{6EB2DDD2-F86D-4590-ADF8-9AD782384B41}.AppStore|Any CPU.Deploy.0 = Release|Any CPU
		{6EB2DDD2-F86D-4590-ADF8-9AD782384B41}.AppStore|ARM.ActiveCfg = Release|Any CPU
		{6EB2DDD2-F86D-4590-ADF8-9AD782384B41}.AppStore|ARM.Build.0 = Release|Any CPU
		{6EB2DDD2-F86D-4590-ADF8-9AD782384B41}.AppStore|ARM.Deploy.0 = Release|Any CPU
		{6EB2DDD2-F86D-4590-ADF8-9AD782384B41}.AppStore|iPhone.ActiveCfg = Release|Any CPU
		{6EB2DDD2-F86D-4590-ADF8-9AD782384B41}.AppStore|iPhone.Build.0 = Release|Any CPU
		{6EB2DDD2-F86D-4590-ADF8-9AD782384B41}.AppStore|iPhone.Deploy.0 = Release|Any CPU
		{6EB2DDD2-F86D-4590-ADF8-9AD782384B41}.AppStore|iPhoneSimulator.ActiveCfg = Release|Any CPU
		{6EB2DDD2-F86D-4590-ADF8-9AD782384B41}.AppStore|iPhoneSimulator.Build.0 = Release|Any CPU
		{6EB2DDD2-F86D-4590-ADF8-9AD782384B41}.AppStore|iPhoneSimulator.Deploy.0 = Release|Any CPU
		{6EB2DDD2-F86D-4590-ADF8-9AD782384B41}.AppStore|x64.ActiveCfg = Release|Any CPU
		{6EB2DDD2-F86D-4590-ADF8-9AD782384B41}.AppStore|x64.Build.0 = Release|Any CPU
		{6EB2DDD2-F86D-4590-ADF8-9AD782384B41}.AppStore|x64.Deploy.0 = Release|Any CPU
		{6EB2DDD2-F86D-4590-ADF8-9AD782384B41}.AppStore|x86.ActiveCfg = Release|Any CPU
		{6EB2DDD2-F86D-4590-ADF8-9AD782384B41}.AppStore|x86.Build.0 = Release|Any CPU
		{6EB2DDD2-F86D-4590-ADF8-9AD782384B41}.AppStore|x86.Deploy.0 = Release|Any CPU
		{6EB2DDD2-F86D-4590-ADF8-9AD782384B41}.Debug|Any CPU.ActiveCfg = Debug|Any CPU
		{6EB2DDD2-F86D-4590-ADF8-9AD782384B41}.Debug|Any CPU.Build.0 = Debug|Any CPU
		{6EB2DDD2-F86D-4590-ADF8-9AD782384B41}.Debug|Any CPU.Deploy.0 = Debug|Any CPU
		{6EB2DDD2-F86D-4590-ADF8-9AD782384B41}.Debug|ARM.ActiveCfg = Debug|Any CPU
		{6EB2DDD2-F86D-4590-ADF8-9AD782384B41}.Debug|ARM.Build.0 = Debug|Any CPU
		{6EB2DDD2-F86D-4590-ADF8-9AD782384B41}.Debug|ARM.Deploy.0 = Debug|Any CPU
		{6EB2DDD2-F86D-4590-ADF8-9AD782384B41}.Debug|iPhone.ActiveCfg = Debug|Any CPU
		{6EB2DDD2-F86D-4590-ADF8-9AD782384B41}.Debug|iPhone.Build.0 = Debug|Any CPU
		{6EB2DDD2-F86D-4590-ADF8-9AD782384B41}.Debug|iPhone.Deploy.0 = Debug|Any CPU
		{6EB2DDD2-F86D-4590-ADF8-9AD782384B41}.Debug|iPhoneSimulator.ActiveCfg = Debug|Any CPU
		{6EB2DDD2-F86D-4590-ADF8-9AD782384B41}.Debug|iPhoneSimulator.Build.0 = Debug|Any CPU
		{6EB2DDD2-F86D-4590-ADF8-9AD782384B41}.Debug|iPhoneSimulator.Deploy.0 = Debug|Any CPU
		{6EB2DDD2-F86D-4590-ADF8-9AD782384B41}.Debug|x64.ActiveCfg = Debug|Any CPU
		{6EB2DDD2-F86D-4590-ADF8-9AD782384B41}.Debug|x64.Build.0 = Debug|Any CPU
		{6EB2DDD2-F86D-4590-ADF8-9AD782384B41}.Debug|x64.Deploy.0 = Debug|Any CPU
		{6EB2DDD2-F86D-4590-ADF8-9AD782384B41}.Debug|x86.ActiveCfg = Debug|Any CPU
		{6EB2DDD2-F86D-4590-ADF8-9AD782384B41}.Debug|x86.Build.0 = Debug|Any CPU
		{6EB2DDD2-F86D-4590-ADF8-9AD782384B41}.Debug|x86.Deploy.0 = Debug|Any CPU
		{6EB2DDD2-F86D-4590-ADF8-9AD782384B41}.Release|Any CPU.ActiveCfg = Release|Any CPU
		{6EB2DDD2-F86D-4590-ADF8-9AD782384B41}.Release|Any CPU.Build.0 = Release|Any CPU
		{6EB2DDD2-F86D-4590-ADF8-9AD782384B41}.Release|Any CPU.Deploy.0 = Release|Any CPU
		{6EB2DDD2-F86D-4590-ADF8-9AD782384B41}.Release|ARM.ActiveCfg = Release|Any CPU
		{6EB2DDD2-F86D-4590-ADF8-9AD782384B41}.Release|ARM.Build.0 = Release|Any CPU
		{6EB2DDD2-F86D-4590-ADF8-9AD782384B41}.Release|ARM.Deploy.0 = Release|Any CPU
		{6EB2DDD2-F86D-4590-ADF8-9AD782384B41}.Release|iPhone.ActiveCfg = Release|Any CPU
		{6EB2DDD2-F86D-4590-ADF8-9AD782384B41}.Release|iPhone.Build.0 = Release|Any CPU
		{6EB2DDD2-F86D-4590-ADF8-9AD782384B41}.Release|iPhone.Deploy.0 = Release|Any CPU
		{6EB2DDD2-F86D-4590-ADF8-9AD782384B41}.Release|iPhoneSimulator.ActiveCfg = Release|Any CPU
		{6EB2DDD2-F86D-4590-ADF8-9AD782384B41}.Release|iPhoneSimulator.Build.0 = Release|Any CPU
		{6EB2DDD2-F86D-4590-ADF8-9AD782384B41}.Release|iPhoneSimulator.Deploy.0 = Release|Any CPU
		{6EB2DDD2-F86D-4590-ADF8-9AD782384B41}.Release|x64.ActiveCfg = Release|Any CPU
		{6EB2DDD2-F86D-4590-ADF8-9AD782384B41}.Release|x64.Build.0 = Release|Any CPU
		{6EB2DDD2-F86D-4590-ADF8-9AD782384B41}.Release|x64.Deploy.0 = Release|Any CPU
		{6EB2DDD2-F86D-4590-ADF8-9AD782384B41}.Release|x86.ActiveCfg = Release|Any CPU
		{6EB2DDD2-F86D-4590-ADF8-9AD782384B41}.Release|x86.Build.0 = Release|Any CPU
		{6EB2DDD2-F86D-4590-ADF8-9AD782384B41}.Release|x86.Deploy.0 = Release|Any CPU
	EndGlobalSection
	GlobalSection(SolutionProperties) = preSolution
		HideSolutionNode = FALSE
	EndGlobalSection
	GlobalSection(ExtensibilityGlobals) = postSolution
		SolutionGuid = {5AC7BD71-B198-4482-AA02-E0440F576CAD}
	EndGlobalSection
EndGlobal
