
Microsoft Visual Studio Solution File, Format Version 12.00
# Visual Studio 15
VisualStudioVersion = 15.0.27705.0
MinimumVisualStudioVersion = 10.0.40219.1
Project("{FAE04EC0-301F-11D3-BF4B-00C04F79EFBC}") = "XFwMvx.Android", "XFwMvx\XFwMvx.Android\XFwMvx.Android.csproj", "{CB02F1C8-1950-4460-831D-EB6F3832E9F6}"
EndProject
Project("{FAE04EC0-301F-11D3-BF4B-00C04F79EFBC}") = "XFwMvx.iOS", "XFwMvx\XFwMvx.iOS\XFwMvx.iOS.csproj", "{C51C10AC-5DFB-4BAC-85CD-DACDBF1997BB}"
EndProject
Project("{FAE04EC0-301F-11D3-BF4B-00C04F79EFBC}") = "XFwMvx.UWP", "XFwMvx\XFwMvx.UWP\XFwMvx.UWP.csproj", "{5CEDE98E-0E6D-401C-AD35-CCADF958DF9D}"
EndProject
Project("{FAE04EC0-301F-11D3-BF4B-00C04F79EFBC}") = "XFwMvx", "XFwMvx\XFwMvx\XFwMvx.csproj", "{94B11C9C-810A-4990-BC41-688A93C02610}"
EndProject
Project("{FAE04EC0-301F-11D3-BF4B-00C04F79EFBC}") = "XFwMvx.Core", "XFwMvx.Core\XFwMvx.Core.csproj", "{9C292C29-1CF3-4739-BD30-179C404BA83E}"
EndProject
Global
	GlobalSection(SolutionConfigurationPlatforms) = preSolution
		Ad-Hoc|Any CPU = Ad-Hoc|Any CPU
		Ad-Hoc|ARM = Ad-Hoc|ARM
		Ad-Hoc|iPhone = Ad-Hoc|iPhone
		Ad-Hoc|iPhoneSimulator = Ad-Hoc|iPhoneSimulator
		Ad-Hoc|x64 = Ad-Hoc|x64
		Ad-Hoc|x86 = Ad-Hoc|x86
		AppStore|Any CPU = AppStore|Any CPU
		AppStore|ARM = AppStore|ARM
		AppStore|iPhone = AppStore|iPhone
		AppStore|iPhoneSimulator = AppStore|iPhoneSimulator
		AppStore|x64 = AppStore|x64
		AppStore|x86 = AppStore|x86
		Debug|Any CPU = Debug|Any CPU
		Debug|ARM = Debug|ARM
		Debug|iPhone = Debug|iPhone
		Debug|iPhoneSimulator = Debug|iPhoneSimulator
		Debug|x64 = Debug|x64
		Debug|x86 = Debug|x86
		Release|Any CPU = Release|Any CPU
		Release|ARM = Release|ARM
		Release|iPhone = Release|iPhone
		Release|iPhoneSimulator = Release|iPhoneSimulator
		Release|x64 = Release|x64
		Release|x86 = Release|x86
	EndGlobalSection
	GlobalSection(ProjectConfigurationPlatforms) = postSolution
		{CB02F1C8-1950-4460-831D-EB6F3832E9F6}.Ad-Hoc|Any CPU.ActiveCfg = Release|Any CPU
		{CB02F1C8-1950-4460-831D-EB6F3832E9F6}.Ad-Hoc|Any CPU.Build.0 = Release|Any CPU
		{CB02F1C8-1950-4460-831D-EB6F3832E9F6}.Ad-Hoc|Any CPU.Deploy.0 = Release|Any CPU
		{CB02F1C8-1950-4460-831D-EB6F3832E9F6}.Ad-Hoc|ARM.ActiveCfg = Release|Any CPU
		{CB02F1C8-1950-4460-831D-EB6F3832E9F6}.Ad-Hoc|ARM.Build.0 = Release|Any CPU
		{CB02F1C8-1950-4460-831D-EB6F3832E9F6}.Ad-Hoc|ARM.Deploy.0 = Release|Any CPU
		{CB02F1C8-1950-4460-831D-EB6F3832E9F6}.Ad-Hoc|iPhone.ActiveCfg = Release|Any CPU
		{CB02F1C8-1950-4460-831D-EB6F3832E9F6}.Ad-Hoc|iPhone.Build.0 = Release|Any CPU
		{CB02F1C8-1950-4460-831D-EB6F3832E9F6}.Ad-Hoc|iPhone.Deploy.0 = Release|Any CPU
		{CB02F1C8-1950-4460-831D-EB6F3832E9F6}.Ad-Hoc|iPhoneSimulator.ActiveCfg = Release|Any CPU
		{CB02F1C8-1950-4460-831D-EB6F3832E9F6}.Ad-Hoc|iPhoneSimulator.Build.0 = Release|Any CPU
		{CB02F1C8-1950-4460-831D-EB6F3832E9F6}.Ad-Hoc|iPhoneSimulator.Deploy.0 = Release|Any CPU
		{CB02F1C8-1950-4460-831D-EB6F3832E9F6}.Ad-Hoc|x64.ActiveCfg = Release|Any CPU
		{CB02F1C8-1950-4460-831D-EB6F3832E9F6}.Ad-Hoc|x64.Build.0 = Release|Any CPU
		{CB02F1C8-1950-4460-831D-EB6F3832E9F6}.Ad-Hoc|x64.Deploy.0 = Release|Any CPU
		{CB02F1C8-1950-4460-831D-EB6F3832E9F6}.Ad-Hoc|x86.ActiveCfg = Release|Any CPU
		{CB02F1C8-1950-4460-831D-EB6F3832E9F6}.Ad-Hoc|x86.Build.0 = Release|Any CPU
		{CB02F1C8-1950-4460-831D-EB6F3832E9F6}.Ad-Hoc|x86.Deploy.0 = Release|Any CPU
		{CB02F1C8-1950-4460-831D-EB6F3832E9F6}.AppStore|Any CPU.ActiveCfg = Release|Any CPU
		{CB02F1C8-1950-4460-831D-EB6F3832E9F6}.AppStore|Any CPU.Build.0 = Release|Any CPU
		{CB02F1C8-1950-4460-831D-EB6F3832E9F6}.AppStore|Any CPU.Deploy.0 = Release|Any CPU
		{CB02F1C8-1950-4460-831D-EB6F3832E9F6}.AppStore|ARM.ActiveCfg = Release|Any CPU
		{CB02F1C8-1950-4460-831D-EB6F3832E9F6}.AppStore|ARM.Build.0 = Release|Any CPU
		{CB02F1C8-1950-4460-831D-EB6F3832E9F6}.AppStore|ARM.Deploy.0 = Release|Any CPU
		{CB02F1C8-1950-4460-831D-EB6F3832E9F6}.AppStore|iPhone.ActiveCfg = Release|Any CPU
		{CB02F1C8-1950-4460-831D-EB6F3832E9F6}.AppStore|iPhone.Build.0 = Release|Any CPU
		{CB02F1C8-1950-4460-831D-EB6F3832E9F6}.AppStore|iPhone.Deploy.0 = Release|Any CPU
		{CB02F1C8-1950-4460-831D-EB6F3832E9F6}.AppStore|iPhoneSimulator.ActiveCfg = Release|Any CPU
		{CB02F1C8-1950-4460-831D-EB6F3832E9F6}.AppStore|iPhoneSimulator.Build.0 = Release|Any CPU
		{CB02F1C8-1950-4460-831D-EB6F3832E9F6}.AppStore|iPhoneSimulator.Deploy.0 = Release|Any CPU
		{CB02F1C8-1950-4460-831D-EB6F3832E9F6}.AppStore|x64.ActiveCfg = Release|Any CPU
		{CB02F1C8-1950-4460-831D-EB6F3832E9F6}.AppStore|x64.Build.0 = Release|Any CPU
		{CB02F1C8-1950-4460-831D-EB6F3832E9F6}.AppStore|x64.Deploy.0 = Release|Any CPU
		{CB02F1C8-1950-4460-831D-EB6F3832E9F6}.AppStore|x86.ActiveCfg = Release|Any CPU
		{CB02F1C8-1950-4460-831D-EB6F3832E9F6}.AppStore|x86.Build.0 = Release|Any CPU
		{CB02F1C8-1950-4460-831D-EB6F3832E9F6}.AppStore|x86.Deploy.0 = Release|Any CPU
		{CB02F1C8-1950-4460-831D-EB6F3832E9F6}.Debug|Any CPU.ActiveCfg = Debug|Any CPU
		{CB02F1C8-1950-4460-831D-EB6F3832E9F6}.Debug|Any CPU.Build.0 = Debug|Any CPU
		{CB02F1C8-1950-4460-831D-EB6F3832E9F6}.Debug|Any CPU.Deploy.0 = Debug|Any CPU
		{CB02F1C8-1950-4460-831D-EB6F3832E9F6}.Debug|ARM.ActiveCfg = Debug|Any CPU
		{CB02F1C8-1950-4460-831D-EB6F3832E9F6}.Debug|ARM.Build.0 = Debug|Any CPU
		{CB02F1C8-1950-4460-831D-EB6F3832E9F6}.Debug|ARM.Deploy.0 = Debug|Any CPU
		{CB02F1C8-1950-4460-831D-EB6F3832E9F6}.Debug|iPhone.ActiveCfg = Debug|Any CPU
		{CB02F1C8-1950-4460-831D-EB6F3832E9F6}.Debug|iPhone.Build.0 = Debug|Any CPU
		{CB02F1C8-1950-4460-831D-EB6F3832E9F6}.Debug|iPhone.Deploy.0 = Debug|Any CPU
		{CB02F1C8-1950-4460-831D-EB6F3832E9F6}.Debug|iPhoneSimulator.ActiveCfg = Debug|Any CPU
		{CB02F1C8-1950-4460-831D-EB6F3832E9F6}.Debug|iPhoneSimulator.Build.0 = Debug|Any CPU
		{CB02F1C8-1950-4460-831D-EB6F3832E9F6}.Debug|iPhoneSimulator.Deploy.0 = Debug|Any CPU
		{CB02F1C8-1950-4460-831D-EB6F3832E9F6}.Debug|x64.ActiveCfg = Debug|Any CPU
		{CB02F1C8-1950-4460-831D-EB6F3832E9F6}.Debug|x64.Build.0 = Debug|Any CPU
		{CB02F1C8-1950-4460-831D-EB6F3832E9F6}.Debug|x64.Deploy.0 = Debug|Any CPU
		{CB02F1C8-1950-4460-831D-EB6F3832E9F6}.Debug|x86.ActiveCfg = Debug|Any CPU
		{CB02F1C8-1950-4460-831D-EB6F3832E9F6}.Debug|x86.Build.0 = Debug|Any CPU
		{CB02F1C8-1950-4460-831D-EB6F3832E9F6}.Debug|x86.Deploy.0 = Debug|Any CPU
		{CB02F1C8-1950-4460-831D-EB6F3832E9F6}.Release|Any CPU.ActiveCfg = Release|Any CPU
		{CB02F1C8-1950-4460-831D-EB6F3832E9F6}.Release|Any CPU.Build.0 = Release|Any CPU
		{CB02F1C8-1950-4460-831D-EB6F3832E9F6}.Release|Any CPU.Deploy.0 = Release|Any CPU
		{CB02F1C8-1950-4460-831D-EB6F3832E9F6}.Release|ARM.ActiveCfg = Release|Any CPU
		{CB02F1C8-1950-4460-831D-EB6F3832E9F6}.Release|ARM.Build.0 = Release|Any CPU
		{CB02F1C8-1950-4460-831D-EB6F3832E9F6}.Release|ARM.Deploy.0 = Release|Any CPU
		{CB02F1C8-1950-4460-831D-EB6F3832E9F6}.Release|iPhone.ActiveCfg = Release|Any CPU
		{CB02F1C8-1950-4460-831D-EB6F3832E9F6}.Release|iPhone.Build.0 = Release|Any CPU
		{CB02F1C8-1950-4460-831D-EB6F3832E9F6}.Release|iPhone.Deploy.0 = Release|Any CPU
		{CB02F1C8-1950-4460-831D-EB6F3832E9F6}.Release|iPhoneSimulator.ActiveCfg = Release|Any CPU
		{CB02F1C8-1950-4460-831D-EB6F3832E9F6}.Release|iPhoneSimulator.Build.0 = Release|Any CPU
		{CB02F1C8-1950-4460-831D-EB6F3832E9F6}.Release|iPhoneSimulator.Deploy.0 = Release|Any CPU
		{CB02F1C8-1950-4460-831D-EB6F3832E9F6}.Release|x64.ActiveCfg = Release|Any CPU
		{CB02F1C8-1950-4460-831D-EB6F3832E9F6}.Release|x64.Build.0 = Release|Any CPU
		{CB02F1C8-1950-4460-831D-EB6F3832E9F6}.Release|x64.Deploy.0 = Release|Any CPU
		{CB02F1C8-1950-4460-831D-EB6F3832E9F6}.Release|x86.ActiveCfg = Release|Any CPU
		{CB02F1C8-1950-4460-831D-EB6F3832E9F6}.Release|x86.Build.0 = Release|Any CPU
		{CB02F1C8-1950-4460-831D-EB6F3832E9F6}.Release|x86.Deploy.0 = Release|Any CPU
		{C51C10AC-5DFB-4BAC-85CD-DACDBF1997BB}.Ad-Hoc|Any CPU.ActiveCfg = Ad-Hoc|iPhone
		{C51C10AC-5DFB-4BAC-85CD-DACDBF1997BB}.Ad-Hoc|Any CPU.Build.0 = Ad-Hoc|iPhone
		{C51C10AC-5DFB-4BAC-85CD-DACDBF1997BB}.Ad-Hoc|Any CPU.Deploy.0 = Ad-Hoc|iPhone
		{C51C10AC-5DFB-4BAC-85CD-DACDBF1997BB}.Ad-Hoc|ARM.ActiveCfg = Ad-Hoc|iPhone
		{C51C10AC-5DFB-4BAC-85CD-DACDBF1997BB}.Ad-Hoc|ARM.Build.0 = Ad-Hoc|iPhone
		{C51C10AC-5DFB-4BAC-85CD-DACDBF1997BB}.Ad-Hoc|ARM.Deploy.0 = Ad-Hoc|iPhone
		{C51C10AC-5DFB-4BAC-85CD-DACDBF1997BB}.Ad-Hoc|iPhone.ActiveCfg = Ad-Hoc|iPhone
		{C51C10AC-5DFB-4BAC-85CD-DACDBF1997BB}.Ad-Hoc|iPhone.Build.0 = Ad-Hoc|iPhone
		{C51C10AC-5DFB-4BAC-85CD-DACDBF1997BB}.Ad-Hoc|iPhone.Deploy.0 = Ad-Hoc|iPhone
		{C51C10AC-5DFB-4BAC-85CD-DACDBF1997BB}.Ad-Hoc|iPhoneSimulator.ActiveCfg = Ad-Hoc|iPhoneSimulator
		{C51C10AC-5DFB-4BAC-85CD-DACDBF1997BB}.Ad-Hoc|iPhoneSimulator.Build.0 = Ad-Hoc|iPhoneSimulator
		{C51C10AC-5DFB-4BAC-85CD-DACDBF1997BB}.Ad-Hoc|iPhoneSimulator.Deploy.0 = Ad-Hoc|iPhoneSimulator
		{C51C10AC-5DFB-4BAC-85CD-DACDBF1997BB}.Ad-Hoc|x64.ActiveCfg = Ad-Hoc|iPhone
		{C51C10AC-5DFB-4BAC-85CD-DACDBF1997BB}.Ad-Hoc|x64.Build.0 = Ad-Hoc|iPhone
		{C51C10AC-5DFB-4BAC-85CD-DACDBF1997BB}.Ad-Hoc|x64.Deploy.0 = Ad-Hoc|iPhone
		{C51C10AC-5DFB-4BAC-85CD-DACDBF1997BB}.Ad-Hoc|x86.ActiveCfg = Ad-Hoc|iPhone
		{C51C10AC-5DFB-4BAC-85CD-DACDBF1997BB}.Ad-Hoc|x86.Build.0 = Ad-Hoc|iPhone
		{C51C10AC-5DFB-4BAC-85CD-DACDBF1997BB}.Ad-Hoc|x86.Deploy.0 = Ad-Hoc|iPhone
		{C51C10AC-5DFB-4BAC-85CD-DACDBF1997BB}.AppStore|Any CPU.ActiveCfg = AppStore|iPhone
		{C51C10AC-5DFB-4BAC-85CD-DACDBF1997BB}.AppStore|Any CPU.Build.0 = AppStore|iPhone
		{C51C10AC-5DFB-4BAC-85CD-DACDBF1997BB}.AppStore|Any CPU.Deploy.0 = AppStore|iPhone
		{C51C10AC-5DFB-4BAC-85CD-DACDBF1997BB}.AppStore|ARM.ActiveCfg = AppStore|iPhone
		{C51C10AC-5DFB-4BAC-85CD-DACDBF1997BB}.AppStore|ARM.Build.0 = AppStore|iPhone
		{C51C10AC-5DFB-4BAC-85CD-DACDBF1997BB}.AppStore|ARM.Deploy.0 = AppStore|iPhone
		{C51C10AC-5DFB-4BAC-85CD-DACDBF1997BB}.AppStore|iPhone.ActiveCfg = AppStore|iPhone
		{C51C10AC-5DFB-4BAC-85CD-DACDBF1997BB}.AppStore|iPhone.Build.0 = AppStore|iPhone
		{C51C10AC-5DFB-4BAC-85CD-DACDBF1997BB}.AppStore|iPhone.Deploy.0 = AppStore|iPhone
		{C51C10AC-5DFB-4BAC-85CD-DACDBF1997BB}.AppStore|iPhoneSimulator.ActiveCfg = AppStore|iPhoneSimulator
		{C51C10AC-5DFB-4BAC-85CD-DACDBF1997BB}.AppStore|iPhoneSimulator.Build.0 = AppStore|iPhoneSimulator
		{C51C10AC-5DFB-4BAC-85CD-DACDBF1997BB}.AppStore|iPhoneSimulator.Deploy.0 = AppStore|iPhoneSimulator
		{C51C10AC-5DFB-4BAC-85CD-DACDBF1997BB}.AppStore|x64.ActiveCfg = AppStore|iPhone
		{C51C10AC-5DFB-4BAC-85CD-DACDBF1997BB}.AppStore|x64.Build.0 = AppStore|iPhone
		{C51C10AC-5DFB-4BAC-85CD-DACDBF1997BB}.AppStore|x64.Deploy.0 = AppStore|iPhone
		{C51C10AC-5DFB-4BAC-85CD-DACDBF1997BB}.AppStore|x86.ActiveCfg = AppStore|iPhone
		{C51C10AC-5DFB-4BAC-85CD-DACDBF1997BB}.AppStore|x86.Build.0 = AppStore|iPhone
		{C51C10AC-5DFB-4BAC-85CD-DACDBF1997BB}.AppStore|x86.Deploy.0 = AppStore|iPhone
		{C51C10AC-5DFB-4BAC-85CD-DACDBF1997BB}.Debug|Any CPU.ActiveCfg = Debug|iPhoneSimulator
		{C51C10AC-5DFB-4BAC-85CD-DACDBF1997BB}.Debug|Any CPU.Build.0 = Debug|iPhoneSimulator
		{C51C10AC-5DFB-4BAC-85CD-DACDBF1997BB}.Debug|Any CPU.Deploy.0 = Debug|iPhoneSimulator
		{C51C10AC-5DFB-4BAC-85CD-DACDBF1997BB}.Debug|ARM.ActiveCfg = Debug|iPhone
		{C51C10AC-5DFB-4BAC-85CD-DACDBF1997BB}.Debug|ARM.Build.0 = Debug|iPhone
		{C51C10AC-5DFB-4BAC-85CD-DACDBF1997BB}.Debug|ARM.Deploy.0 = Debug|iPhone
		{C51C10AC-5DFB-4BAC-85CD-DACDBF1997BB}.Debug|iPhone.ActiveCfg = Debug|iPhone
		{C51C10AC-5DFB-4BAC-85CD-DACDBF1997BB}.Debug|iPhone.Build.0 = Debug|iPhone
		{C51C10AC-5DFB-4BAC-85CD-DACDBF1997BB}.Debug|iPhone.Deploy.0 = Debug|iPhone
		{C51C10AC-5DFB-4BAC-85CD-DACDBF1997BB}.Debug|iPhoneSimulator.ActiveCfg = Debug|iPhoneSimulator
		{C51C10AC-5DFB-4BAC-85CD-DACDBF1997BB}.Debug|iPhoneSimulator.Build.0 = Debug|iPhoneSimulator
		{C51C10AC-5DFB-4BAC-85CD-DACDBF1997BB}.Debug|iPhoneSimulator.Deploy.0 = Debug|iPhoneSimulator
		{C51C10AC-5DFB-4BAC-85CD-DACDBF1997BB}.Debug|x64.ActiveCfg = Debug|iPhone
		{C51C10AC-5DFB-4BAC-85CD-DACDBF1997BB}.Debug|x64.Build.0 = Debug|iPhone
		{C51C10AC-5DFB-4BAC-85CD-DACDBF1997BB}.Debug|x64.Deploy.0 = Debug|iPhone
		{C51C10AC-5DFB-4BAC-85CD-DACDBF1997BB}.Debug|x86.ActiveCfg = Debug|iPhone
		{C51C10AC-5DFB-4BAC-85CD-DACDBF1997BB}.Debug|x86.Build.0 = Debug|iPhone
		{C51C10AC-5DFB-4BAC-85CD-DACDBF1997BB}.Debug|x86.Deploy.0 = Debug|iPhone
		{C51C10AC-5DFB-4BAC-85CD-DACDBF1997BB}.Release|Any CPU.ActiveCfg = Release|iPhone
		{C51C10AC-5DFB-4BAC-85CD-DACDBF1997BB}.Release|Any CPU.Build.0 = Release|iPhone
		{C51C10AC-5DFB-4BAC-85CD-DACDBF1997BB}.Release|Any CPU.Deploy.0 = Release|iPhone
		{C51C10AC-5DFB-4BAC-85CD-DACDBF1997BB}.Release|ARM.ActiveCfg = Release|iPhone
		{C51C10AC-5DFB-4BAC-85CD-DACDBF1997BB}.Release|ARM.Build.0 = Release|iPhone
		{C51C10AC-5DFB-4BAC-85CD-DACDBF1997BB}.Release|ARM.Deploy.0 = Release|iPhone
		{C51C10AC-5DFB-4BAC-85CD-DACDBF1997BB}.Release|iPhone.ActiveCfg = Release|iPhone
		{C51C10AC-5DFB-4BAC-85CD-DACDBF1997BB}.Release|iPhone.Build.0 = Release|iPhone
		{C51C10AC-5DFB-4BAC-85CD-DACDBF1997BB}.Release|iPhone.Deploy.0 = Release|iPhone
		{C51C10AC-5DFB-4BAC-85CD-DACDBF1997BB}.Release|iPhoneSimulator.ActiveCfg = Release|iPhoneSimulator
		{C51C10AC-5DFB-4BAC-85CD-DACDBF1997BB}.Release|iPhoneSimulator.Build.0 = Release|iPhoneSimulator
		{C51C10AC-5DFB-4BAC-85CD-DACDBF1997BB}.Release|iPhoneSimulator.Deploy.0 = Release|iPhoneSimulator
		{C51C10AC-5DFB-4BAC-85CD-DACDBF1997BB}.Release|x64.ActiveCfg = Release|iPhone
		{C51C10AC-5DFB-4BAC-85CD-DACDBF1997BB}.Release|x64.Build.0 = Release|iPhone
		{C51C10AC-5DFB-4BAC-85CD-DACDBF1997BB}.Release|x64.Deploy.0 = Release|iPhone
		{C51C10AC-5DFB-4BAC-85CD-DACDBF1997BB}.Release|x86.ActiveCfg = Release|iPhone
		{C51C10AC-5DFB-4BAC-85CD-DACDBF1997BB}.Release|x86.Build.0 = Release|iPhone
		{C51C10AC-5DFB-4BAC-85CD-DACDBF1997BB}.Release|x86.Deploy.0 = Release|iPhone
		{5CEDE98E-0E6D-401C-AD35-CCADF958DF9D}.Ad-Hoc|Any CPU.ActiveCfg = Release|x86
		{5CEDE98E-0E6D-401C-AD35-CCADF958DF9D}.Ad-Hoc|Any CPU.Build.0 = Release|x86
		{5CEDE98E-0E6D-401C-AD35-CCADF958DF9D}.Ad-Hoc|Any CPU.Deploy.0 = Release|x86
		{5CEDE98E-0E6D-401C-AD35-CCADF958DF9D}.Ad-Hoc|ARM.ActiveCfg = Release|ARM
		{5CEDE98E-0E6D-401C-AD35-CCADF958DF9D}.Ad-Hoc|ARM.Build.0 = Release|ARM
		{5CEDE98E-0E6D-401C-AD35-CCADF958DF9D}.Ad-Hoc|ARM.Deploy.0 = Release|ARM
		{5CEDE98E-0E6D-401C-AD35-CCADF958DF9D}.Ad-Hoc|iPhone.ActiveCfg = Release|x86
		{5CEDE98E-0E6D-401C-AD35-CCADF958DF9D}.Ad-Hoc|iPhone.Build.0 = Release|x86
		{5CEDE98E-0E6D-401C-AD35-CCADF958DF9D}.Ad-Hoc|iPhone.Deploy.0 = Release|x86
		{5CEDE98E-0E6D-401C-AD35-CCADF958DF9D}.Ad-Hoc|iPhoneSimulator.ActiveCfg = Release|x86
		{5CEDE98E-0E6D-401C-AD35-CCADF958DF9D}.Ad-Hoc|iPhoneSimulator.Build.0 = Release|x86
		{5CEDE98E-0E6D-401C-AD35-CCADF958DF9D}.Ad-Hoc|iPhoneSimulator.Deploy.0 = Release|x86
		{5CEDE98E-0E6D-401C-AD35-CCADF958DF9D}.Ad-Hoc|x64.ActiveCfg = Release|x64
		{5CEDE98E-0E6D-401C-AD35-CCADF958DF9D}.Ad-Hoc|x64.Build.0 = Release|x64
		{5CEDE98E-0E6D-401C-AD35-CCADF958DF9D}.Ad-Hoc|x64.Deploy.0 = Release|x64
		{5CEDE98E-0E6D-401C-AD35-CCADF958DF9D}.Ad-Hoc|x86.ActiveCfg = Release|x86
		{5CEDE98E-0E6D-401C-AD35-CCADF958DF9D}.Ad-Hoc|x86.Build.0 = Release|x86
		{5CEDE98E-0E6D-401C-AD35-CCADF958DF9D}.Ad-Hoc|x86.Deploy.0 = Release|x86
		{5CEDE98E-0E6D-401C-AD35-CCADF958DF9D}.AppStore|Any CPU.ActiveCfg = Release|x86
		{5CEDE98E-0E6D-401C-AD35-CCADF958DF9D}.AppStore|Any CPU.Build.0 = Release|x86
		{5CEDE98E-0E6D-401C-AD35-CCADF958DF9D}.AppStore|Any CPU.Deploy.0 = Release|x86
		{5CEDE98E-0E6D-401C-AD35-CCADF958DF9D}.AppStore|ARM.ActiveCfg = Release|ARM
		{5CEDE98E-0E6D-401C-AD35-CCADF958DF9D}.AppStore|ARM.Build.0 = Release|ARM
		{5CEDE98E-0E6D-401C-AD35-CCADF958DF9D}.AppStore|ARM.Deploy.0 = Release|ARM
		{5CEDE98E-0E6D-401C-AD35-CCADF958DF9D}.AppStore|iPhone.ActiveCfg = Release|x86
		{5CEDE98E-0E6D-401C-AD35-CCADF958DF9D}.AppStore|iPhone.Build.0 = Release|x86
		{5CEDE98E-0E6D-401C-AD35-CCADF958DF9D}.AppStore|iPhone.Deploy.0 = Release|x86
		{5CEDE98E-0E6D-401C-AD35-CCADF958DF9D}.AppStore|iPhoneSimulator.ActiveCfg = Release|x86
		{5CEDE98E-0E6D-401C-AD35-CCADF958DF9D}.AppStore|iPhoneSimulator.Build.0 = Release|x86
		{5CEDE98E-0E6D-401C-AD35-CCADF958DF9D}.AppStore|iPhoneSimulator.Deploy.0 = Release|x86
		{5CEDE98E-0E6D-401C-AD35-CCADF958DF9D}.AppStore|x64.ActiveCfg = Release|x64
		{5CEDE98E-0E6D-401C-AD35-CCADF958DF9D}.AppStore|x64.Build.0 = Release|x64
		{5CEDE98E-0E6D-401C-AD35-CCADF958DF9D}.AppStore|x64.Deploy.0 = Release|x64
		{5CEDE98E-0E6D-401C-AD35-CCADF958DF9D}.AppStore|x86.ActiveCfg = Release|x86
		{5CEDE98E-0E6D-401C-AD35-CCADF958DF9D}.AppStore|x86.Build.0 = Release|x86
		{5CEDE98E-0E6D-401C-AD35-CCADF958DF9D}.AppStore|x86.Deploy.0 = Release|x86
		{5CEDE98E-0E6D-401C-AD35-CCADF958DF9D}.Debug|Any CPU.ActiveCfg = Debug|x86
		{5CEDE98E-0E6D-401C-AD35-CCADF958DF9D}.Debug|Any CPU.Build.0 = Debug|x86
		{5CEDE98E-0E6D-401C-AD35-CCADF958DF9D}.Debug|Any CPU.Deploy.0 = Debug|x86
		{5CEDE98E-0E6D-401C-AD35-CCADF958DF9D}.Debug|ARM.ActiveCfg = Debug|ARM
		{5CEDE98E-0E6D-401C-AD35-CCADF958DF9D}.Debug|ARM.Build.0 = Debug|ARM
		{5CEDE98E-0E6D-401C-AD35-CCADF958DF9D}.Debug|ARM.Deploy.0 = Debug|ARM
		{5CEDE98E-0E6D-401C-AD35-CCADF958DF9D}.Debug|iPhone.ActiveCfg = Debug|x86
		{5CEDE98E-0E6D-401C-AD35-CCADF958DF9D}.Debug|iPhone.Build.0 = Debug|x86
		{5CEDE98E-0E6D-401C-AD35-CCADF958DF9D}.Debug|iPhone.Deploy.0 = Debug|x86
		{5CEDE98E-0E6D-401C-AD35-CCADF958DF9D}.Debug|iPhoneSimulator.ActiveCfg = Debug|x86
		{5CEDE98E-0E6D-401C-AD35-CCADF958DF9D}.Debug|iPhoneSimulator.Build.0 = Debug|x86
		{5CEDE98E-0E6D-401C-AD35-CCADF958DF9D}.Debug|iPhoneSimulator.Deploy.0 = Debug|x86
		{5CEDE98E-0E6D-401C-AD35-CCADF958DF9D}.Debug|x64.ActiveCfg = Debug|x64
		{5CEDE98E-0E6D-401C-AD35-CCADF958DF9D}.Debug|x64.Build.0 = Debug|x64
		{5CEDE98E-0E6D-401C-AD35-CCADF958DF9D}.Debug|x64.Deploy.0 = Debug|x64
		{5CEDE98E-0E6D-401C-AD35-CCADF958DF9D}.Debug|x86.ActiveCfg = Debug|x86
		{5CEDE98E-0E6D-401C-AD35-CCADF958DF9D}.Debug|x86.Build.0 = Debug|x86
		{5CEDE98E-0E6D-401C-AD35-CCADF958DF9D}.Debug|x86.Deploy.0 = Debug|x86
		{5CEDE98E-0E6D-401C-AD35-CCADF958DF9D}.Release|Any CPU.ActiveCfg = Release|x86
		{5CEDE98E-0E6D-401C-AD35-CCADF958DF9D}.Release|Any CPU.Build.0 = Release|x86
		{5CEDE98E-0E6D-401C-AD35-CCADF958DF9D}.Release|Any CPU.Deploy.0 = Release|x86
		{5CEDE98E-0E6D-401C-AD35-CCADF958DF9D}.Release|ARM.ActiveCfg = Release|ARM
		{5CEDE98E-0E6D-401C-AD35-CCADF958DF9D}.Release|ARM.Build.0 = Release|ARM
		{5CEDE98E-0E6D-401C-AD35-CCADF958DF9D}.Release|ARM.Deploy.0 = Release|ARM
		{5CEDE98E-0E6D-401C-AD35-CCADF958DF9D}.Release|iPhone.ActiveCfg = Release|x86
		{5CEDE98E-0E6D-401C-AD35-CCADF958DF9D}.Release|iPhone.Build.0 = Release|x86
		{5CEDE98E-0E6D-401C-AD35-CCADF958DF9D}.Release|iPhone.Deploy.0 = Release|x86
		{5CEDE98E-0E6D-401C-AD35-CCADF958DF9D}.Release|iPhoneSimulator.ActiveCfg = Release|x86
		{5CEDE98E-0E6D-401C-AD35-CCADF958DF9D}.Release|iPhoneSimulator.Build.0 = Release|x86
		{5CEDE98E-0E6D-401C-AD35-CCADF958DF9D}.Release|iPhoneSimulator.Deploy.0 = Release|x86
		{5CEDE98E-0E6D-401C-AD35-CCADF958DF9D}.Release|x64.ActiveCfg = Release|x64
		{5CEDE98E-0E6D-401C-AD35-CCADF958DF9D}.Release|x64.Build.0 = Release|x64
		{5CEDE98E-0E6D-401C-AD35-CCADF958DF9D}.Release|x64.Deploy.0 = Release|x64
		{5CEDE98E-0E6D-401C-AD35-CCADF958DF9D}.Release|x86.ActiveCfg = Release|x86
		{5CEDE98E-0E6D-401C-AD35-CCADF958DF9D}.Release|x86.Build.0 = Release|x86
		{5CEDE98E-0E6D-401C-AD35-CCADF958DF9D}.Release|x86.Deploy.0 = Release|x86
		{94B11C9C-810A-4990-BC41-688A93C02610}.Ad-Hoc|Any CPU.ActiveCfg = Debug|Any CPU
		{94B11C9C-810A-4990-BC41-688A93C02610}.Ad-Hoc|Any CPU.Build.0 = Debug|Any CPU
		{94B11C9C-810A-4990-BC41-688A93C02610}.Ad-Hoc|Any CPU.Deploy.0 = Debug|Any CPU
		{94B11C9C-810A-4990-BC41-688A93C02610}.Ad-Hoc|ARM.ActiveCfg = Debug|Any CPU
		{94B11C9C-810A-4990-BC41-688A93C02610}.Ad-Hoc|ARM.Build.0 = Debug|Any CPU
		{94B11C9C-810A-4990-BC41-688A93C02610}.Ad-Hoc|ARM.Deploy.0 = Debug|Any CPU
		{94B11C9C-810A-4990-BC41-688A93C02610}.Ad-Hoc|iPhone.ActiveCfg = Debug|Any CPU
		{94B11C9C-810A-4990-BC41-688A93C02610}.Ad-Hoc|iPhone.Build.0 = Debug|Any CPU
		{94B11C9C-810A-4990-BC41-688A93C02610}.Ad-Hoc|iPhone.Deploy.0 = Debug|Any CPU
		{94B11C9C-810A-4990-BC41-688A93C02610}.Ad-Hoc|iPhoneSimulator.ActiveCfg = Debug|Any CPU
		{94B11C9C-810A-4990-BC41-688A93C02610}.Ad-Hoc|iPhoneSimulator.Build.0 = Debug|Any CPU
		{94B11C9C-810A-4990-BC41-688A93C02610}.Ad-Hoc|iPhoneSimulator.Deploy.0 = Debug|Any CPU
		{94B11C9C-810A-4990-BC41-688A93C02610}.Ad-Hoc|x64.ActiveCfg = Debug|Any CPU
		{94B11C9C-810A-4990-BC41-688A93C02610}.Ad-Hoc|x64.Build.0 = Debug|Any CPU
		{94B11C9C-810A-4990-BC41-688A93C02610}.Ad-Hoc|x64.Deploy.0 = Debug|Any CPU
		{94B11C9C-810A-4990-BC41-688A93C02610}.Ad-Hoc|x86.ActiveCfg = Debug|Any CPU
		{94B11C9C-810A-4990-BC41-688A93C02610}.Ad-Hoc|x86.Build.0 = Debug|Any CPU
		{94B11C9C-810A-4990-BC41-688A93C02610}.Ad-Hoc|x86.Deploy.0 = Debug|Any CPU
		{94B11C9C-810A-4990-BC41-688A93C02610}.AppStore|Any CPU.ActiveCfg = Debug|Any CPU
		{94B11C9C-810A-4990-BC41-688A93C02610}.AppStore|Any CPU.Build.0 = Debug|Any CPU
		{94B11C9C-810A-4990-BC41-688A93C02610}.AppStore|Any CPU.Deploy.0 = Debug|Any CPU
		{94B11C9C-810A-4990-BC41-688A93C02610}.AppStore|ARM.ActiveCfg = Debug|Any CPU
		{94B11C9C-810A-4990-BC41-688A93C02610}.AppStore|ARM.Build.0 = Debug|Any CPU
		{94B11C9C-810A-4990-BC41-688A93C02610}.AppStore|ARM.Deploy.0 = Debug|Any CPU
		{94B11C9C-810A-4990-BC41-688A93C02610}.AppStore|iPhone.ActiveCfg = Debug|Any CPU
		{94B11C9C-810A-4990-BC41-688A93C02610}.AppStore|iPhone.Build.0 = Debug|Any CPU
		{94B11C9C-810A-4990-BC41-688A93C02610}.AppStore|iPhone.Deploy.0 = Debug|Any CPU
		{94B11C9C-810A-4990-BC41-688A93C02610}.AppStore|iPhoneSimulator.ActiveCfg = Debug|Any CPU
		{94B11C9C-810A-4990-BC41-688A93C02610}.AppStore|iPhoneSimulator.Build.0 = Debug|Any CPU
		{94B11C9C-810A-4990-BC41-688A93C02610}.AppStore|iPhoneSimulator.Deploy.0 = Debug|Any CPU
		{94B11C9C-810A-4990-BC41-688A93C02610}.AppStore|x64.ActiveCfg = Debug|Any CPU
		{94B11C9C-810A-4990-BC41-688A93C02610}.AppStore|x64.Build.0 = Debug|Any CPU
		{94B11C9C-810A-4990-BC41-688A93C02610}.AppStore|x64.Deploy.0 = Debug|Any CPU
		{94B11C9C-810A-4990-BC41-688A93C02610}.AppStore|x86.ActiveCfg = Debug|Any CPU
		{94B11C9C-810A-4990-BC41-688A93C02610}.AppStore|x86.Build.0 = Debug|Any CPU
		{94B11C9C-810A-4990-BC41-688A93C02610}.AppStore|x86.Deploy.0 = Debug|Any CPU
		{94B11C9C-810A-4990-BC41-688A93C02610}.Debug|Any CPU.ActiveCfg = Debug|Any CPU
		{94B11C9C-810A-4990-BC41-688A93C02610}.Debug|Any CPU.Build.0 = Debug|Any CPU
		{94B11C9C-810A-4990-BC41-688A93C02610}.Debug|Any CPU.Deploy.0 = Debug|Any CPU
		{94B11C9C-810A-4990-BC41-688A93C02610}.Debug|ARM.ActiveCfg = Debug|Any CPU
		{94B11C9C-810A-4990-BC41-688A93C02610}.Debug|ARM.Build.0 = Debug|Any CPU
		{94B11C9C-810A-4990-BC41-688A93C02610}.Debug|ARM.Deploy.0 = Debug|Any CPU
		{94B11C9C-810A-4990-BC41-688A93C02610}.Debug|iPhone.ActiveCfg = Debug|Any CPU
		{94B11C9C-810A-4990-BC41-688A93C02610}.Debug|iPhone.Build.0 = Debug|Any CPU
		{94B11C9C-810A-4990-BC41-688A93C02610}.Debug|iPhone.Deploy.0 = Debug|Any CPU
		{94B11C9C-810A-4990-BC41-688A93C02610}.Debug|iPhoneSimulator.ActiveCfg = Debug|Any CPU
		{94B11C9C-810A-4990-BC41-688A93C02610}.Debug|iPhoneSimulator.Build.0 = Debug|Any CPU
		{94B11C9C-810A-4990-BC41-688A93C02610}.Debug|iPhoneSimulator.Deploy.0 = Debug|Any CPU
		{94B11C9C-810A-4990-BC41-688A93C02610}.Debug|x64.ActiveCfg = Debug|Any CPU
		{94B11C9C-810A-4990-BC41-688A93C02610}.Debug|x64.Build.0 = Debug|Any CPU
		{94B11C9C-810A-4990-BC41-688A93C02610}.Debug|x64.Deploy.0 = Debug|Any CPU
		{94B11C9C-810A-4990-BC41-688A93C02610}.Debug|x86.ActiveCfg = Debug|Any CPU
		{94B11C9C-810A-4990-BC41-688A93C02610}.Debug|x86.Build.0 = Debug|Any CPU
		{94B11C9C-810A-4990-BC41-688A93C02610}.Debug|x86.Deploy.0 = Debug|Any CPU
		{94B11C9C-810A-4990-BC41-688A93C02610}.Release|Any CPU.ActiveCfg = Release|Any CPU
		{94B11C9C-810A-4990-BC41-688A93C02610}.Release|Any CPU.Build.0 = Release|Any CPU
		{94B11C9C-810A-4990-BC41-688A93C02610}.Release|Any CPU.Deploy.0 = Release|Any CPU
		{94B11C9C-810A-4990-BC41-688A93C02610}.Release|ARM.ActiveCfg = Release|Any CPU
		{94B11C9C-810A-4990-BC41-688A93C02610}.Release|ARM.Build.0 = Release|Any CPU
		{94B11C9C-810A-4990-BC41-688A93C02610}.Release|ARM.Deploy.0 = Release|Any CPU
		{94B11C9C-810A-4990-BC41-688A93C02610}.Release|iPhone.ActiveCfg = Release|Any CPU
		{94B11C9C-810A-4990-BC41-688A93C02610}.Release|iPhone.Build.0 = Release|Any CPU
		{94B11C9C-810A-4990-BC41-688A93C02610}.Release|iPhone.Deploy.0 = Release|Any CPU
		{94B11C9C-810A-4990-BC41-688A93C02610}.Release|iPhoneSimulator.ActiveCfg = Release|Any CPU
		{94B11C9C-810A-4990-BC41-688A93C02610}.Release|iPhoneSimulator.Build.0 = Release|Any CPU
		{94B11C9C-810A-4990-BC41-688A93C02610}.Release|iPhoneSimulator.Deploy.0 = Release|Any CPU
		{94B11C9C-810A-4990-BC41-688A93C02610}.Release|x64.ActiveCfg = Release|Any CPU
		{94B11C9C-810A-4990-BC41-688A93C02610}.Release|x64.Build.0 = Release|Any CPU
		{94B11C9C-810A-4990-BC41-688A93C02610}.Release|x64.Deploy.0 = Release|Any CPU
		{94B11C9C-810A-4990-BC41-688A93C02610}.Release|x86.ActiveCfg = Release|Any CPU
		{94B11C9C-810A-4990-BC41-688A93C02610}.Release|x86.Build.0 = Release|Any CPU
		{94B11C9C-810A-4990-BC41-688A93C02610}.Release|x86.Deploy.0 = Release|Any CPU
		{9C292C29-1CF3-4739-BD30-179C404BA83E}.Ad-Hoc|Any CPU.ActiveCfg = Debug|Any CPU
		{9C292C29-1CF3-4739-BD30-179C404BA83E}.Ad-Hoc|Any CPU.Build.0 = Debug|Any CPU
		{9C292C29-1CF3-4739-BD30-179C404BA83E}.Ad-Hoc|ARM.ActiveCfg = Debug|Any CPU
		{9C292C29-1CF3-4739-BD30-179C404BA83E}.Ad-Hoc|ARM.Build.0 = Debug|Any CPU
		{9C292C29-1CF3-4739-BD30-179C404BA83E}.Ad-Hoc|iPhone.ActiveCfg = Debug|Any CPU
		{9C292C29-1CF3-4739-BD30-179C404BA83E}.Ad-Hoc|iPhone.Build.0 = Debug|Any CPU
		{9C292C29-1CF3-4739-BD30-179C404BA83E}.Ad-Hoc|iPhoneSimulator.ActiveCfg = Debug|Any CPU
		{9C292C29-1CF3-4739-BD30-179C404BA83E}.Ad-Hoc|iPhoneSimulator.Build.0 = Debug|Any CPU
		{9C292C29-1CF3-4739-BD30-179C404BA83E}.Ad-Hoc|x64.ActiveCfg = Debug|Any CPU
		{9C292C29-1CF3-4739-BD30-179C404BA83E}.Ad-Hoc|x64.Build.0 = Debug|Any CPU
		{9C292C29-1CF3-4739-BD30-179C404BA83E}.Ad-Hoc|x86.ActiveCfg = Debug|Any CPU
		{9C292C29-1CF3-4739-BD30-179C404BA83E}.Ad-Hoc|x86.Build.0 = Debug|Any CPU
		{9C292C29-1CF3-4739-BD30-179C404BA83E}.AppStore|Any CPU.ActiveCfg = Debug|Any CPU
		{9C292C29-1CF3-4739-BD30-179C404BA83E}.AppStore|Any CPU.Build.0 = Debug|Any CPU
		{9C292C29-1CF3-4739-BD30-179C404BA83E}.AppStore|ARM.ActiveCfg = Debug|Any CPU
		{9C292C29-1CF3-4739-BD30-179C404BA83E}.AppStore|ARM.Build.0 = Debug|Any CPU
		{9C292C29-1CF3-4739-BD30-179C404BA83E}.AppStore|iPhone.ActiveCfg = Debug|Any CPU
		{9C292C29-1CF3-4739-BD30-179C404BA83E}.AppStore|iPhone.Build.0 = Debug|Any CPU
		{9C292C29-1CF3-4739-BD30-179C404BA83E}.AppStore|iPhoneSimulator.ActiveCfg = Debug|Any CPU
		{9C292C29-1CF3-4739-BD30-179C404BA83E}.AppStore|iPhoneSimulator.Build.0 = Debug|Any CPU
		{9C292C29-1CF3-4739-BD30-179C404BA83E}.AppStore|x64.ActiveCfg = Debug|Any CPU
		{9C292C29-1CF3-4739-BD30-179C404BA83E}.AppStore|x64.Build.0 = Debug|Any CPU
		{9C292C29-1CF3-4739-BD30-179C404BA83E}.AppStore|x86.ActiveCfg = Debug|Any CPU
		{9C292C29-1CF3-4739-BD30-179C404BA83E}.AppStore|x86.Build.0 = Debug|Any CPU
		{9C292C29-1CF3-4739-BD30-179C404BA83E}.Debug|Any CPU.ActiveCfg = Debug|Any CPU
		{9C292C29-1CF3-4739-BD30-179C404BA83E}.Debug|Any CPU.Build.0 = Debug|Any CPU
		{9C292C29-1CF3-4739-BD30-179C404BA83E}.Debug|ARM.ActiveCfg = Debug|Any CPU
		{9C292C29-1CF3-4739-BD30-179C404BA83E}.Debug|ARM.Build.0 = Debug|Any CPU
		{9C292C29-1CF3-4739-BD30-179C404BA83E}.Debug|iPhone.ActiveCfg = Debug|Any CPU
		{9C292C29-1CF3-4739-BD30-179C404BA83E}.Debug|iPhone.Build.0 = Debug|Any CPU
		{9C292C29-1CF3-4739-BD30-179C404BA83E}.Debug|iPhoneSimulator.ActiveCfg = Debug|Any CPU
		{9C292C29-1CF3-4739-BD30-179C404BA83E}.Debug|iPhoneSimulator.Build.0 = Debug|Any CPU
		{9C292C29-1CF3-4739-BD30-179C404BA83E}.Debug|x64.ActiveCfg = Debug|Any CPU
		{9C292C29-1CF3-4739-BD30-179C404BA83E}.Debug|x64.Build.0 = Debug|Any CPU
		{9C292C29-1CF3-4739-BD30-179C404BA83E}.Debug|x86.ActiveCfg = Debug|Any CPU
		{9C292C29-1CF3-4739-BD30-179C404BA83E}.Debug|x86.Build.0 = Debug|Any CPU
		{9C292C29-1CF3-4739-BD30-179C404BA83E}.Release|Any CPU.ActiveCfg = Release|Any CPU
		{9C292C29-1CF3-4739-BD30-179C404BA83E}.Release|Any CPU.Build.0 = Release|Any CPU
		{9C292C29-1CF3-4739-BD30-179C404BA83E}.Release|ARM.ActiveCfg = Release|Any CPU
		{9C292C29-1CF3-4739-BD30-179C404BA83E}.Release|ARM.Build.0 = Release|Any CPU
		{9C292C29-1CF3-4739-BD30-179C404BA83E}.Release|iPhone.ActiveCfg = Release|Any CPU
		{9C292C29-1CF3-4739-BD30-179C404BA83E}.Release|iPhone.Build.0 = Release|Any CPU
		{9C292C29-1CF3-4739-BD30-179C404BA83E}.Release|iPhoneSimulator.ActiveCfg = Release|Any CPU
		{9C292C29-1CF3-4739-BD30-179C404BA83E}.Release|iPhoneSimulator.Build.0 = Release|Any CPU
		{9C292C29-1CF3-4739-BD30-179C404BA83E}.Release|x64.ActiveCfg = Release|Any CPU
		{9C292C29-1CF3-4739-BD30-179C404BA83E}.Release|x64.Build.0 = Release|Any CPU
		{9C292C29-1CF3-4739-BD30-179C404BA83E}.Release|x86.ActiveCfg = Release|Any CPU
		{9C292C29-1CF3-4739-BD30-179C404BA83E}.Release|x86.Build.0 = Release|Any CPU
	EndGlobalSection
	GlobalSection(SolutionProperties) = preSolution
		HideSolutionNode = FALSE
	EndGlobalSection
	GlobalSection(ExtensibilityGlobals) = postSolution
		SolutionGuid = {5FC2C1DD-943B-446A-A50C-792D0763EFC3}
	EndGlobalSection
EndGlobal
